
Microsoft Visual Studio Solution File, Format Version 12.00
# Visual Studio Version 17
VisualStudioVersion = 17.11.35327.3
MinimumVisualStudioVersion = 10.0.40219.1
Project("{9A19103F-16F7-4668-BE54-9A1E7A4F7556}") = "ComputerVision.API", "ComputerVision.API\ComputerVision.API.csproj", "{0FD0806F-145F-4F41-B142-5BBF5F7490EE}"
EndProject
Project("{9A19103F-16F7-4668-BE54-9A1E7A4F7556}") = "ComputerVision.Data", "ComputerVision.Data\ComputerVision.Data.csproj", "{9D746879-33AF-415D-9A53-0765C1FEBE24}"
EndProject
Global
	GlobalSection(SolutionConfigurationPlatforms) = preSolution
		Debug|Any CPU = Debug|Any CPU
		Release|Any CPU = Release|Any CPU
	EndGlobalSection
	GlobalSection(ProjectConfigurationPlatforms) = postSolution
		{0FD0806F-145F-4F41-B142-5BBF5F7490EE}.Debug|Any CPU.ActiveCfg = Debug|Any CPU
		{0FD0806F-145F-4F41-B142-5BBF5F7490EE}.Debug|Any CPU.Build.0 = Debug|Any CPU
		{0FD0806F-145F-4F41-B142-5BBF5F7490EE}.Release|Any CPU.ActiveCfg = Release|Any CPU
		{0FD0806F-145F-4F41-B142-5BBF5F7490EE}.Release|Any CPU.Build.0 = Release|Any CPU
		{9D746879-33AF-415D-9A53-0765C1FEBE24}.Debug|Any CPU.ActiveCfg = Debug|Any CPU
		{9D746879-33AF-415D-9A53-0765C1FEBE24}.Debug|Any CPU.Build.0 = Debug|Any CPU
		{9D746879-33AF-415D-9A53-0765C1FEBE24}.Release|Any CPU.ActiveCfg = Release|Any CPU
		{9D746879-33AF-415D-9A53-0765C1FEBE24}.Release|Any CPU.Build.0 = Release|Any CPU
	EndGlobalSection
	GlobalSection(SolutionProperties) = preSolution
		HideSolutionNode = FALSE
	EndGlobalSection
	GlobalSection(ExtensibilityGlobals) = postSolution
		SolutionGuid = {D3AC7C1F-32A9-44C3-A522-6E7D5410051E}
	EndGlobalSection
EndGlobal
